
Microsoft Visual Studio Solution File, Format Version 12.00
# Visual Studio Version 17
VisualStudioVersion = 17.5.002.0
MinimumVisualStudioVersion = 10.0.40219.1
Project("{9A19103F-16F7-4668-BE54-9A1E7A4F7556}") = "weather_function_timer", "weather_function_timer.csproj", "{B0AD279D-92EA-47D3-AA16-FF26B00ED33A}"
EndProject
Global
	GlobalSection(SolutionConfigurationPlatforms) = preSolution
		Debug|Any CPU = Debug|Any CPU
		Release|Any CPU = Release|Any CPU
	EndGlobalSection
	GlobalSection(ProjectConfigurationPlatforms) = postSolution
		{B0AD279D-92EA-47D3-AA16-FF26B00ED33A}.Debug|Any CPU.ActiveCfg = Debug|Any CPU
		{B0AD279D-92EA-47D3-AA16-FF26B00ED33A}.Debug|Any CPU.Build.0 = Debug|Any CPU
		{B0AD279D-92EA-47D3-AA16-FF26B00ED33A}.Release|Any CPU.ActiveCfg = Release|Any CPU
		{B0AD279D-92EA-47D3-AA16-FF26B00ED33A}.Release|Any CPU.Build.0 = Release|Any CPU
	EndGlobalSection
	GlobalSection(SolutionProperties) = preSolution
		HideSolutionNode = FALSE
	EndGlobalSection
	GlobalSection(ExtensibilityGlobals) = postSolution
		SolutionGuid = {BA36AB41-EF66-4B14-838D-A6F10DE49FB6}
	EndGlobalSection
EndGlobal
